<?xml version="1.0" encoding="utf-8"?>
<Project ToolsVersion="4.0" xmlns="http://schemas.microsoft.com/developer/msbuild/2003">
  <ItemGroup>
    <Filter Include="Source Files">
      <UniqueIdentifier>{4FC737F1-C7A5-4376-A066-2A32D752A2FF}</UniqueIdentifier>
      <Extensions>cpp;c;cc;cxx;c++;cppm;ixx;def;odl;idl;hpj;bat;asm;asmx</Extensions>
    </Filter>
    <Filter Include="Header Files">
      <UniqueIdentifier>{93995380-89BD-4b04-88EB-625FBE52EBFB}</UniqueIdentifier>
      <Extensions>h;hh;hpp;hxx;h++;hm;inl;inc;ipp;xsd</Extensions>
    </Filter>
    <Filter Include="Resource Files">
      <UniqueIdentifier>{67DA6AB6-F800-4c08-8B7A-83BB121AAD01}</UniqueIdentifier>
      <Extensions>rc;ico;cur;bmp;dlg;rc2;rct;bin;rgs;gif;jpg;jpeg;jpe;resx;tiff;tif;png;wav;mfcribbon-ms</Extensions>
    </Filter>
    <Filter Include="Header Files\DateTime">
      <UniqueIdentifier>{6a0183bf-e006-40da-b0a9-a22e8dbc605f}</UniqueIdentifier>
    </Filter>
    <Filter Include="Source Files\DateTime">
      <UniqueIdentifier>{8fc6bf00-dfbe-4141-9fef-724ed486e719}</UniqueIdentifier>
    </Filter>
    <Filter Include="Header Files\Naming">
      <UniqueIdentifier>{05db4385-e19c-4b2a-9ba6-213cb083335d}</UniqueIdentifier>
    </Filter>
    <Filter Include="Source Files\Naming">
      <UniqueIdentifier>{3ba2c2c6-6ec1-423f-9219-aeade4c50423}</UniqueIdentifier>
    </Filter>
    <Filter Include="Config">
      <UniqueIdentifier>{1b074e60-36d8-4f8a-84a3-9930215177a8}</UniqueIdentifier>
    </Filter>
  </ItemGroup>
  <ItemGroup>
    <ClCompile Include="gen-console.cpp">
      <Filter>Source Files</Filter>
    </ClCompile>
    <ClCompile Include="WorldBuilder.cpp">
      <Filter>Source Files</Filter>
    </ClCompile>
    <ClCompile Include="WorldTime.cpp">
      <Filter>Source Files\DateTime</Filter>
    </ClCompile>
    <ClCompile Include="pch.cpp">
      <Filter>Source Files</Filter>
    </ClCompile>
    <ClCompile Include="WorldProperties.cpp">
      <Filter>Source Files</Filter>
    </ClCompile>
    <ClCompile Include="TimeSpan.cpp">
      <Filter>Source Files\DateTime</Filter>
    </ClCompile>
    <ClCompile Include="Individual.cpp">
      <Filter>Source Files</Filter>
    </ClCompile>
    <ClCompile Include="Parents.cpp">
      <Filter>Source Files</Filter>
    </ClCompile>
    <ClCompile Include="NumberNameGenerator.cpp">
      <Filter>Source Files\Naming</Filter>
    </ClCompile>
    <ClCompile Include="Population.cpp">
      <Filter>Source Files</Filter>
    </ClCompile>
    <ClCompile Include="IndividualName.cpp">
      <Filter>Source Files\Naming</Filter>
    </ClCompile>
    <ClCompile Include="Races.cpp">
      <Filter>Source Files</Filter>
    </ClCompile>
    <ClCompile Include="ConfigLoader.cpp">
      <Filter>Source Files</Filter>
    </ClCompile>
    <ClCompile Include="MultiPointValue.cpp">
      <Filter>Source Files</Filter>
    </ClCompile>
  </ItemGroup>
  <ItemGroup>
    <ClInclude Include="WorldBuilder.h">
      <Filter>Header Files</Filter>
    </ClInclude>
    <ClInclude Include="WorldTime.h">
      <Filter>Header Files\DateTime</Filter>
    </ClInclude>
    <ClInclude Include="pch.h">
      <Filter>Header Files</Filter>
    </ClInclude>
    <ClInclude Include="WorldProperties.h">
      <Filter>Header Files</Filter>
    </ClInclude>
    <ClInclude Include="WorldConstants.h">
      <Filter>Header Files</Filter>
    </ClInclude>
    <ClInclude Include="TimeSpan.h">
      <Filter>Header Files\DateTime</Filter>
    </ClInclude>
    <ClInclude Include="Individual.h">
      <Filter>Header Files</Filter>
    </ClInclude>
    <ClInclude Include="Parents.h">
      <Filter>Header Files</Filter>
    </ClInclude>
    <ClInclude Include="Types.h">
      <Filter>Header Files</Filter>
    </ClInclude>
    <ClInclude Include="NumberNameGenerator.h">
      <Filter>Header Files\Naming</Filter>
    </ClInclude>
    <ClInclude Include="INameGenerator.h">
      <Filter>Header Files\Naming</Filter>
    </ClInclude>
    <ClInclude Include="Population.h">
      <Filter>Header Files</Filter>
    </ClInclude>
    <ClInclude Include="IndividualName.h">
      <Filter>Header Files\Naming</Filter>
    </ClInclude>
    <ClInclude Include="Races.h">
      <Filter>Header Files</Filter>
    </ClInclude>
    <ClInclude Include="ConfigLoader.h">
      <Filter>Header Files</Filter>
    </ClInclude>
    <ClInclude Include="MultiPointValue.h">
      <Filter>Header Files</Filter>
    </ClInclude>
  </ItemGroup>
  <ItemGroup>
    <Text Include="Config\Races.txt">
      <Filter>Config</Filter>
    </Text>
  </ItemGroup>
</Project>