<?xml version="1.0" encoding="utf-8"?>
<Project ToolsVersion="4.0" xmlns="http://schemas.microsoft.com/developer/msbuild/2003">
  <ItemGroup>
    <Filter Include="Source Files">
      <UniqueIdentifier>{4FC737F1-C7A5-4376-A066-2A32D752A2FF}</UniqueIdentifier>
      <Extensions>cpp;c;cc;cxx;c++;cppm;ixx;def;odl;idl;hpj;bat;asm;asmx</Extensions>
    </Filter>
    <Filter Include="Header Files">
      <UniqueIdentifier>{93995380-89BD-4b04-88EB-625FBE52EBFB}</UniqueIdentifier>
      <Extensions>h;hh;hpp;hxx;h++;hm;inl;inc;ipp;xsd</Extensions>
    </Filter>
    <Filter Include="Resource Files">
      <UniqueIdentifier>{67DA6AB6-F800-4c08-8B7A-83BB121AAD01}</UniqueIdentifier>
      <Extensions>rc;ico;cur;bmp;dlg;rc2;rct;bin;rgs;gif;jpg;jpeg;jpe;resx;tiff;tif;png;wav;mfcribbon-ms</Extensions>
    </Filter>
    <Filter Include="Header Files\DateTime">
      <UniqueIdentifier>{6a0183bf-e006-40da-b0a9-a22e8dbc605f}</UniqueIdentifier>
    </Filter>
    <Filter Include="Source Files\DateTime">
      <UniqueIdentifier>{8fc6bf00-dfbe-4141-9fef-724ed486e719}</UniqueIdentifier>
    </Filter>
    <Filter Include="Header Files\Naming">
      <UniqueIdentifier>{05db4385-e19c-4b2a-9ba6-213cb083335d}</UniqueIdentifier>
    </Filter>
    <Filter Include="Source Files\Naming">
      <UniqueIdentifier>{3ba2c2c6-6ec1-423f-9219-aeade4c50423}</UniqueIdentifier>
    </Filter>
    <Filter Include="Config">
      <UniqueIdentifier>{1b074e60-36d8-4f8a-84a3-9930215177a8}</UniqueIdentifier>
    </Filter>
    <Filter Include="Header Files\Genes">
      <UniqueIdentifier>{1303c4af-4a84-461c-a9ea-b39a6ef1e806}</UniqueIdentifier>
    </Filter>
    <Filter Include="Source Files\Genes">
      <UniqueIdentifier>{c2af3923-3434-4dd9-8f01-22765d5cd3f4}</UniqueIdentifier>
    </Filter>
    <Filter Include="Header Files\Types">
      <UniqueIdentifier>{2291b1c2-650f-465e-8e33-1877b5e30810}</UniqueIdentifier>
    </Filter>
    <Filter Include="Source Files\Types">
      <UniqueIdentifier>{5be75ad5-1d80-471a-8ec9-0caa691b7ac0}</UniqueIdentifier>
    </Filter>
    <Filter Include="Header Files\Population">
      <UniqueIdentifier>{37ba1a96-bc18-4242-b07e-cd190b9bd30e}</UniqueIdentifier>
    </Filter>
    <Filter Include="Source Files\Population">
      <UniqueIdentifier>{4293f368-2d58-4595-9547-a77dda2512da}</UniqueIdentifier>
    </Filter>
    <Filter Include="Header Files\Population\Filters">
      <UniqueIdentifier>{54a5a474-bff4-4f4c-9116-24c270d17225}</UniqueIdentifier>
    </Filter>
    <Filter Include="Source Files\Population\Filters">
      <UniqueIdentifier>{596be2e8-5529-4c8c-9314-5240f7dd3ce3}</UniqueIdentifier>
    </Filter>
  </ItemGroup>
  <ItemGroup>
    <ClCompile Include="gen-console.cpp">
      <Filter>Source Files</Filter>
    </ClCompile>
    <ClCompile Include="WorldBuilder.cpp">
      <Filter>Source Files</Filter>
    </ClCompile>
    <ClCompile Include="WorldTime.cpp">
      <Filter>Source Files\DateTime</Filter>
    </ClCompile>
    <ClCompile Include="pch.cpp">
      <Filter>Source Files</Filter>
    </ClCompile>
    <ClCompile Include="WorldProperties.cpp">
      <Filter>Source Files</Filter>
    </ClCompile>
    <ClCompile Include="TimeSpan.cpp">
      <Filter>Source Files\DateTime</Filter>
    </ClCompile>
    <ClCompile Include="Individual.cpp">
      <Filter>Source Files</Filter>
    </ClCompile>
    <ClCompile Include="Parents.cpp">
      <Filter>Source Files</Filter>
    </ClCompile>
    <ClCompile Include="NumberNameGenerator.cpp">
      <Filter>Source Files\Naming</Filter>
    </ClCompile>
    <ClCompile Include="IndividualName.cpp">
      <Filter>Source Files\Naming</Filter>
    </ClCompile>
    <ClCompile Include="Races.cpp">
      <Filter>Source Files</Filter>
    </ClCompile>
    <ClCompile Include="ConfigLoader.cpp">
      <Filter>Source Files</Filter>
    </ClCompile>
    <ClCompile Include="Genome.cpp">
      <Filter>Source Files\Genes</Filter>
    </ClCompile>
    <ClCompile Include="Genes.cpp">
      <Filter>Source Files\Genes</Filter>
    </ClCompile>
    <ClCompile Include="GrayCode.cpp">
      <Filter>Source Files\Genes</Filter>
    </ClCompile>
    <ClCompile Include="MultiPointValue.cpp">
      <Filter>Source Files\Types</Filter>
    </ClCompile>
    <ClCompile Include="Race.cpp">
      <Filter>Source Files</Filter>
    </ClCompile>
    <ClCompile Include="ValueRange.cpp">
      <Filter>Source Files\Types</Filter>
    </ClCompile>
    <ClCompile Include="MathUtils.cpp">
      <Filter>Source Files</Filter>
    </ClCompile>
    <ClCompile Include="AgeSexRangeValue.cpp">
      <Filter>Source Files\Types</Filter>
    </ClCompile>
    <ClCompile Include="AgeTraits.cpp">
      <Filter>Source Files\Types</Filter>
    </ClCompile>
    <ClCompile Include="AgeCategory.cpp">
      <Filter>Source Files\Types</Filter>
    </ClCompile>
    <ClCompile Include="Sex.cpp">
      <Filter>Source Files\Types</Filter>
    </ClCompile>
    <ClCompile Include="GeneGenerator.cpp">
      <Filter>Source Files\Genes</Filter>
    </ClCompile>
    <ClCompile Include="Logger.cpp">
      <Filter>Source Files</Filter>
    </ClCompile>
    <ClCompile Include="Procreate.cpp">
      <Filter>Source Files</Filter>
    </ClCompile>
    <ClCompile Include="Marry.cpp">
      <Filter>Source Files</Filter>
    </ClCompile>
    <ClCompile Include="PopulationStatistics.cpp">
      <Filter>Source Files\Population</Filter>
    </ClCompile>
    <ClCompile Include="Population.cpp">
      <Filter>Source Files\Population</Filter>
    </ClCompile>
    <ClCompile Include="PopulationFertileFilter.cpp">
      <Filter>Source Files\Population\Filters</Filter>
    </ClCompile>
    <ClCompile Include="PopulationSexFilter.cpp">
      <Filter>Source Files\Population\Filters</Filter>
    </ClCompile>
    <ClCompile Include="PopulationCompositeFilter.cpp">
      <Filter>Source Files\Population\Filters</Filter>
    </ClCompile>
    <ClCompile Include="PopulationAgeCategoryFilter.cpp">
      <Filter>Source Files\Population\Filters</Filter>
    </ClCompile>
  </ItemGroup>
  <ItemGroup>
    <ClInclude Include="WorldBuilder.h">
      <Filter>Header Files</Filter>
    </ClInclude>
    <ClInclude Include="WorldTime.h">
      <Filter>Header Files\DateTime</Filter>
    </ClInclude>
    <ClInclude Include="pch.h">
      <Filter>Header Files</Filter>
    </ClInclude>
    <ClInclude Include="WorldProperties.h">
      <Filter>Header Files</Filter>
    </ClInclude>
    <ClInclude Include="WorldConstants.h">
      <Filter>Header Files</Filter>
    </ClInclude>
    <ClInclude Include="TimeSpan.h">
      <Filter>Header Files\DateTime</Filter>
    </ClInclude>
    <ClInclude Include="Individual.h">
      <Filter>Header Files</Filter>
    </ClInclude>
    <ClInclude Include="Parents.h">
      <Filter>Header Files</Filter>
    </ClInclude>
    <ClInclude Include="NumberNameGenerator.h">
      <Filter>Header Files\Naming</Filter>
    </ClInclude>
    <ClInclude Include="INameGenerator.h">
      <Filter>Header Files\Naming</Filter>
    </ClInclude>
    <ClInclude Include="IndividualName.h">
      <Filter>Header Files\Naming</Filter>
    </ClInclude>
    <ClInclude Include="Races.h">
      <Filter>Header Files</Filter>
    </ClInclude>
    <ClInclude Include="ConfigLoader.h">
      <Filter>Header Files</Filter>
    </ClInclude>
    <ClInclude Include="Genes.h">
      <Filter>Header Files\Genes</Filter>
    </ClInclude>
    <ClInclude Include="Genome.h">
      <Filter>Header Files\Genes</Filter>
    </ClInclude>
    <ClInclude Include="GenePositions.h">
      <Filter>Header Files\Genes</Filter>
    </ClInclude>
    <ClInclude Include="GrayCode.h">
      <Filter>Header Files\Genes</Filter>
    </ClInclude>
    <ClInclude Include="Types.h">
      <Filter>Header Files\Types</Filter>
    </ClInclude>
    <ClInclude Include="MultiPointValue.h">
      <Filter>Header Files\Types</Filter>
    </ClInclude>
    <ClInclude Include="Race.h">
      <Filter>Header Files</Filter>
    </ClInclude>
    <ClInclude Include="RacialTraits.h">
      <Filter>Header Files</Filter>
    </ClInclude>
    <ClInclude Include="ValueRange.h">
      <Filter>Header Files\Types</Filter>
    </ClInclude>
    <ClInclude Include="MathUtils.h">
      <Filter>Header Files</Filter>
    </ClInclude>
    <ClInclude Include="AgeSexRangeValue.h">
      <Filter>Header Files\Types</Filter>
    </ClInclude>
    <ClInclude Include="Sex.h">
      <Filter>Header Files\Types</Filter>
    </ClInclude>
    <ClInclude Include="AgeCategory.h">
      <Filter>Header Files\Types</Filter>
    </ClInclude>
    <ClInclude Include="AgeTraits.h">
      <Filter>Header Files\Types</Filter>
    </ClInclude>
    <ClInclude Include="GenePosition.h">
      <Filter>Header Files\Genes</Filter>
    </ClInclude>
    <ClInclude Include="GeneGenerator.h">
      <Filter>Header Files\Genes</Filter>
    </ClInclude>
    <ClInclude Include="Logger.h">
      <Filter>Header Files</Filter>
    </ClInclude>
    <ClInclude Include="Procreate.h">
      <Filter>Header Files</Filter>
    </ClInclude>
    <ClInclude Include="Marry.h">
      <Filter>Header Files</Filter>
    </ClInclude>
    <ClInclude Include="IPopulationVisitor.h">
      <Filter>Header Files\Population</Filter>
    </ClInclude>
    <ClInclude Include="Population.h">
      <Filter>Header Files\Population</Filter>
    </ClInclude>
    <ClInclude Include="PopulationStatistics.h">
      <Filter>Header Files\Population</Filter>
    </ClInclude>
    <ClInclude Include="IPopulationFilter.h">
      <Filter>Header Files\Population\Filters</Filter>
    </ClInclude>
    <ClInclude Include="PopulationCompositeFilter.h">
      <Filter>Header Files\Population\Filters</Filter>
    </ClInclude>
    <ClInclude Include="PopulationFertileFilter.h">
      <Filter>Header Files\Population\Filters</Filter>
    </ClInclude>
    <ClInclude Include="PopulationSexFilter.h">
      <Filter>Header Files\Population\Filters</Filter>
    </ClInclude>
    <ClInclude Include="PopulationAgeCategoryFilter.h">
      <Filter>Header Files\Population\Filters</Filter>
    </ClInclude>
  </ItemGroup>
  <ItemGroup>
    <Text Include="Config\Races.txt">
      <Filter>Config</Filter>
    </Text>
  </ItemGroup>
</Project>