<?xml version="1.0" encoding="utf-8"?>
<Project ToolsVersion="4.0" xmlns="http://schemas.microsoft.com/developer/msbuild/2003">
  <ItemGroup>
    <ClCompile Include="pch.cpp" />
    <ClCompile Include="WorldPropertiesTest.cpp" />
    <ClCompile Include="..\WorldBuilder.cpp">
      <Filter>External</Filter>
    </ClCompile>
    <ClCompile Include="..\WorldProperties.cpp">
      <Filter>External</Filter>
    </ClCompile>
    <ClCompile Include="IndividualTest.cpp" />
    <ClCompile Include="..\Individual.cpp">
      <Filter>External</Filter>
    </ClCompile>
    <ClCompile Include="..\Parents.cpp">
      <Filter>External</Filter>
    </ClCompile>
    <ClCompile Include="ParentsTest.cpp" />
    <ClCompile Include="TimeSpanTest.cpp">
      <Filter>DateTime</Filter>
    </ClCompile>
    <ClCompile Include="WorldTimeTest.cpp">
      <Filter>DateTime</Filter>
    </ClCompile>
    <ClCompile Include="NumberNameGeneratorTest.cpp">
      <Filter>Naming</Filter>
    </ClCompile>
    <ClCompile Include="IndividualNameTest.cpp">
      <Filter>Naming</Filter>
    </ClCompile>
    <ClCompile Include="ConfigLoaderTest.cpp" />
    <ClCompile Include="..\ConfigLoader.cpp">
      <Filter>External</Filter>
    </ClCompile>
    <ClCompile Include="..\TimeSpan.cpp">
      <Filter>External\DateTime</Filter>
    </ClCompile>
    <ClCompile Include="..\WorldTime.cpp">
      <Filter>External\DateTime</Filter>
    </ClCompile>
    <ClCompile Include="..\Genes.cpp">
      <Filter>External\Genes</Filter>
    </ClCompile>
    <ClCompile Include="..\Genome.cpp">
      <Filter>External\Genes</Filter>
    </ClCompile>
    <ClCompile Include="..\GrayCode.cpp">
      <Filter>External\Genes</Filter>
    </ClCompile>
    <ClCompile Include="..\IndividualName.cpp">
      <Filter>External\Naming</Filter>
    </ClCompile>
    <ClCompile Include="..\NumberNameGenerator.cpp">
      <Filter>External\Naming</Filter>
    </ClCompile>
    <ClCompile Include="GenesTest.cpp">
      <Filter>Genes</Filter>
    </ClCompile>
    <ClCompile Include="GenomeTest.cpp">
      <Filter>Genes</Filter>
    </ClCompile>
    <ClCompile Include="GrayCodeTest.cpp">
      <Filter>Genes</Filter>
    </ClCompile>
    <ClCompile Include="MultiPointValueTest.cpp">
      <Filter>Types</Filter>
    </ClCompile>
    <ClCompile Include="RaceTest.cpp" />
    <ClCompile Include="..\Races.cpp">
      <Filter>External</Filter>
    </ClCompile>
    <ClCompile Include="RacesTest.cpp" />
    <ClCompile Include="..\Race.cpp">
      <Filter>External</Filter>
    </ClCompile>
    <ClCompile Include="..\MultiPointValue.cpp">
      <Filter>External\Types</Filter>
    </ClCompile>
    <ClCompile Include="..\ValueRange.cpp">
      <Filter>External\Types</Filter>
    </ClCompile>
    <ClCompile Include="ValueRangeTest.cpp">
      <Filter>Types</Filter>
    </ClCompile>
    <ClCompile Include="..\MathUtils.cpp">
      <Filter>External</Filter>
    </ClCompile>
    <ClCompile Include="MathUtilsTest.cpp" />
    <ClCompile Include="..\AgeCategory.cpp">
      <Filter>External\Types</Filter>
    </ClCompile>
    <ClCompile Include="..\AgeSexRangeValue.cpp">
      <Filter>External\Types</Filter>
    </ClCompile>
    <ClCompile Include="..\AgeTraits.cpp">
      <Filter>External\Types</Filter>
    </ClCompile>
    <ClCompile Include="..\Sex.cpp">
      <Filter>External\Types</Filter>
    </ClCompile>
    <ClCompile Include="AgeSexRangeValueTest.cpp">
      <Filter>Types</Filter>
    </ClCompile>
    <ClCompile Include="AgeCategoryTest.cpp">
      <Filter>Types</Filter>
    </ClCompile>
    <ClCompile Include="AgeTraitsTest.cpp">
      <Filter>Types</Filter>
    </ClCompile>
    <ClCompile Include="SexTest.cpp">
      <Filter>Types</Filter>
    </ClCompile>
    <ClCompile Include="..\Logger.cpp">
      <Filter>External</Filter>
    </ClCompile>
    <ClCompile Include="..\GeneGenerator.cpp">
      <Filter>External\Genes</Filter>
    </ClCompile>
    <ClCompile Include="TestUtils.cpp" />
    <ClCompile Include="..\Procreate.cpp">
      <Filter>External</Filter>
    </ClCompile>
    <ClCompile Include="..\Marry.cpp">
      <Filter>External</Filter>
    </ClCompile>
    <ClCompile Include="MarryTest.cpp" />
    <ClCompile Include="ProcreateTest.cpp" />
    <ClCompile Include="..\PopulationStatistics.cpp">
      <Filter>External\Population</Filter>
    </ClCompile>
    <ClCompile Include="..\Population.cpp">
      <Filter>External\Population</Filter>
    </ClCompile>
    <ClCompile Include="PopulationStatisticsTest.cpp">
      <Filter>Population</Filter>
    </ClCompile>
    <ClCompile Include="PopulationTest.cpp">
      <Filter>Population</Filter>
    </ClCompile>
    <ClCompile Include="..\PopulationSexFilter.cpp">
      <Filter>External\Population\Filters</Filter>
    </ClCompile>
    <ClCompile Include="..\PopulationFertileFilter.cpp">
      <Filter>External\Population\Filters</Filter>
    </ClCompile>
    <ClCompile Include="..\PopulationCompositeFilter.cpp">
      <Filter>External\Population\Filters</Filter>
    </ClCompile>
    <ClCompile Include="PopulationSexFilterTest.cpp">
      <Filter>Population\Filters</Filter>
    </ClCompile>
    <ClCompile Include="PopulationFertileFilterTest.cpp">
      <Filter>Population\Filters</Filter>
    </ClCompile>
    <ClCompile Include="PopulationCompositeFilterTest.cpp">
      <Filter>Population\Filters</Filter>
    </ClCompile>
    <ClCompile Include="..\PopulationAgeCategoryFilter.cpp">
      <Filter>External\Population\Filters</Filter>
    </ClCompile>
    <ClCompile Include="PopulationAgeCategoryFilterTest.cpp">
      <Filter>Population\Filters</Filter>
    </ClCompile>
    <ClCompile Include="..\PopulationMarryFilter.cpp">
      <Filter>External\Population\Filters</Filter>
    </ClCompile>
    <ClCompile Include="PopulationMarriedFilterTest.cpp">
      <Filter>Population\Filters</Filter>
    </ClCompile>
    <ClCompile Include="..\PopulationFilterFactory.cpp">
      <Filter>External\Population\Filters</Filter>
    </ClCompile>
    <ClCompile Include="PopulationFilterFactoryTest.cpp">
      <Filter>Population\Filters</Filter>
    </ClCompile>
    <ClCompile Include="..\Physiology.cpp">
      <Filter>External</Filter>
    </ClCompile>
    <ClCompile Include="PhysiologyTest.cpp" />
    <ClCompile Include="..\PopulationPregnantFilter.cpp">
      <Filter>External\Population\Filters</Filter>
    </ClCompile>
    <ClCompile Include="PopulationPregnantFilterTest.cpp">
      <Filter>Population\Filters</Filter>
    </ClCompile>
    <ClCompile Include="..\Pregnancy.cpp">
      <Filter>External</Filter>
    </ClCompile>
    <ClCompile Include="PregnancyTest.cpp" />
    <ClCompile Include="..\Genetics.cpp">
      <Filter>External\Genes</Filter>
    </ClCompile>
    <ClCompile Include="..\GeneticRaceOperator.cpp">
      <Filter>External\Genes\Operators</Filter>
    </ClCompile>
    <ClCompile Include="..\GeneticDoubleOperator.cpp">
      <Filter>External\Genes\Operators</Filter>
    </ClCompile>
  </ItemGroup>
  <ItemGroup>
    <ClInclude Include="pch.h" />
    <ClInclude Include="TestUtils.h" />
  </ItemGroup>
  <ItemGroup>
    <Filter Include="External">
      <UniqueIdentifier>{7cd0ad73-c689-4ae6-b0e5-3d385cb0c8f5}</UniqueIdentifier>
    </Filter>
    <Filter Include="DateTime">
      <UniqueIdentifier>{84823495-a969-45ee-a8af-f70c76fe0e5e}</UniqueIdentifier>
    </Filter>
    <Filter Include="Naming">
      <UniqueIdentifier>{227a32b3-3dbf-4bc4-b985-2f7aaabda194}</UniqueIdentifier>
    </Filter>
    <Filter Include="External\DateTime">
      <UniqueIdentifier>{6158eb5b-c4d4-4d02-8e43-f165af214b3d}</UniqueIdentifier>
    </Filter>
    <Filter Include="External\Genes">
      <UniqueIdentifier>{65a1fe63-d494-4553-a608-e7c2837bc235}</UniqueIdentifier>
    </Filter>
    <Filter Include="External\Naming">
      <UniqueIdentifier>{efdebccc-0e4e-4ac7-bf60-27b3e075b56e}</UniqueIdentifier>
    </Filter>
    <Filter Include="Genes">
      <UniqueIdentifier>{8ce61a5a-3579-416e-8780-b2694ed43eb2}</UniqueIdentifier>
    </Filter>
    <Filter Include="Types">
      <UniqueIdentifier>{e3073bdb-a57a-476d-a7d4-60ed3ca0b825}</UniqueIdentifier>
    </Filter>
    <Filter Include="External\Types">
      <UniqueIdentifier>{e8d55244-0a6e-4275-bf60-67a0d0676de4}</UniqueIdentifier>
    </Filter>
    <Filter Include="External\Population">
      <UniqueIdentifier>{b174d1b4-be34-4033-bc29-08b2bda774ca}</UniqueIdentifier>
    </Filter>
    <Filter Include="Population">
      <UniqueIdentifier>{ec342673-d506-4e0f-9ed7-e09d15dd5495}</UniqueIdentifier>
    </Filter>
    <Filter Include="External\Population\Filters">
      <UniqueIdentifier>{9afc804c-c557-41d4-a260-1bd8f596c3ff}</UniqueIdentifier>
    </Filter>
    <Filter Include="Population\Filters">
      <UniqueIdentifier>{0bc99bda-7dbd-41ad-94b9-2c78ba8e97b2}</UniqueIdentifier>
    </Filter>
    <Filter Include="External\Genes\Operators">
      <UniqueIdentifier>{73f249a2-9ba8-4af4-a7b0-19db779b3d81}</UniqueIdentifier>
    </Filter>
  </ItemGroup>
  <ItemGroup>
    <None Include="packages.config" />
  </ItemGroup>
</Project>