<?xml version="1.0" encoding="utf-8"?>
<Project ToolsVersion="4.0" xmlns="http://schemas.microsoft.com/developer/msbuild/2003">
  <ItemGroup>
    <ClCompile Include="pch.cpp" />
    <ClCompile Include="WorldTimeTest.cpp" />
    <ClCompile Include="..\WorldTime.cpp">
      <Filter>External</Filter>
    </ClCompile>
    <ClCompile Include="WorldPropertiesTest.cpp" />
    <ClCompile Include="..\WorldBuilder.cpp">
      <Filter>External</Filter>
    </ClCompile>
    <ClCompile Include="..\WorldProperties.cpp">
      <Filter>External</Filter>
    </ClCompile>
    <ClCompile Include="TimeSpanTest.cpp" />
    <ClCompile Include="..\TimeSpan.cpp">
      <Filter>External</Filter>
    </ClCompile>
  </ItemGroup>
  <ItemGroup>
    <ClInclude Include="pch.h" />
  </ItemGroup>
  <ItemGroup>
    <Filter Include="External">
      <UniqueIdentifier>{7cd0ad73-c689-4ae6-b0e5-3d385cb0c8f5}</UniqueIdentifier>
    </Filter>
  </ItemGroup>
  <ItemGroup>
    <None Include="packages.config" />
  </ItemGroup>
</Project>